
Microsoft Visual Studio Solution File, Format Version 12.00
# Visual Studio Version 17
VisualStudioVersion = 17.7.34221.43
MinimumVisualStudioVersion = 10.0.40219.1
Project("{FAE04EC0-301F-11D3-BF4B-00C04F79EFBC}") = "StudentSQLite", "StudentSQLite\StudentSQLite.csproj", "{60290A9A-355E-4EA0-AC58-0DACE54C8ECD}"
EndProject
Global
	GlobalSection(SolutionConfigurationPlatforms) = preSolution
		Debug|Any CPU = Debug|Any CPU
		Release|Any CPU = Release|Any CPU
	EndGlobalSection
	GlobalSection(ProjectConfigurationPlatforms) = postSolution
		{60290A9A-355E-4EA0-AC58-0DACE54C8ECD}.Debug|Any CPU.ActiveCfg = Debug|Any CPU
		{60290A9A-355E-4EA0-AC58-0DACE54C8ECD}.Debug|Any CPU.Build.0 = Debug|Any CPU
		{60290A9A-355E-4EA0-AC58-0DACE54C8ECD}.Debug|Any CPU.Deploy.0 = Debug|Any CPU
		{60290A9A-355E-4EA0-AC58-0DACE54C8ECD}.Release|Any CPU.ActiveCfg = Release|Any CPU
		{60290A9A-355E-4EA0-AC58-0DACE54C8ECD}.Release|Any CPU.Build.0 = Release|Any CPU
		{60290A9A-355E-4EA0-AC58-0DACE54C8ECD}.Release|Any CPU.Deploy.0 = Release|Any CPU
	EndGlobalSection
	GlobalSection(SolutionProperties) = preSolution
		HideSolutionNode = FALSE
	EndGlobalSection
	GlobalSection(ExtensibilityGlobals) = postSolution
		SolutionGuid = {8BFAAD65-10B0-4EE4-A4DF-11A8E83C822A}
	EndGlobalSection
EndGlobal
